// !$*UTF8*$!
{
	archiveVersion = 1;
	classes = {
	};
	objectVersion = 46;
	objects = {

/* Begin PBXBuildFile section */
		93D4C6DC1AAE303C00D68D5F /* main.m in Sources */ = {isa = PBXBuildFile; fileRef = 93D4C6DB1AAE303C00D68D5F /* main.m */; };
		93D4C6DF1AAE303C00D68D5F /* AppDelegate.m in Sources */ = {isa = PBXBuildFile; fileRef = 93D4C6DE1AAE303C00D68D5F /* AppDelegate.m */; };
		93D4C6E21AAE303C00D68D5F /* FirstViewController.m in Sources */ = {isa = PBXBuildFile; fileRef = 93D4C6E11AAE303C00D68D5F /* FirstViewController.m */; };
		93D4C6E51AAE303C00D68D5F /* SecondViewController.m in Sources */ = {isa = PBXBuildFile; fileRef = 93D4C6E41AAE303C00D68D5F /* SecondViewController.m */; };
		93D4C6E81AAE303C00D68D5F /* Main.storyboard in Resources */ = {isa = PBXBuildFile; fileRef = 93D4C6E61AAE303C00D68D5F /* Main.storyboard */; };
		93D4C6EA1AAE303C00D68D5F /* Images.xcassets in Resources */ = {isa = PBXBuildFile; fileRef = 93D4C6E91AAE303C00D68D5F /* Images.xcassets */; };
		93D4C6ED1AAE303C00D68D5F /* LaunchScreen.xib in Resources */ = {isa = PBXBuildFile; fileRef = 93D4C6EB1AAE303C00D68D5F /* LaunchScreen.xib */; };
		93D4C6F91AAE303C00D68D5F /* Lab4Tests.m in Sources */ = {isa = PBXBuildFile; fileRef = 93D4C6F81AAE303C00D68D5F /* Lab4Tests.m */; };
/* End PBXBuildFile section */

/* Begin PBXContainerItemProxy section */
		93D4C6F31AAE303C00D68D5F /* PBXContainerItemProxy */ = {
			isa = PBXContainerItemProxy;
			containerPortal = 93D4C6CE1AAE303C00D68D5F /* Project object */;
			proxyType = 1;
			remoteGlobalIDString = 93D4C6D51AAE303C00D68D5F;
			remoteInfo = Lab4;
		};
/* End PBXContainerItemProxy section */

/* Begin PBXFileReference section */
		93D4C6D61AAE303C00D68D5F /* Lab4.app */ = {isa = PBXFileReference; explicitFileType = wrapper.application; includeInIndex = 0; path = Lab4.app; sourceTree = BUILT_PRODUCTS_DIR; };
		93D4C6DA1AAE303C00D68D5F /* Info.plist */ = {isa = PBXFileReference; lastKnownFileType = text.plist.xml; path = Info.plist; sourceTree = "<group>"; };
		93D4C6DB1AAE303C00D68D5F /* main.m */ = {isa = PBXFileReference; lastKnownFileType = sourcecode.c.objc; path = main.m; sourceTree = "<group>"; };
		93D4C6DD1AAE303C00D68D5F /* AppDelegate.h */ = {isa = PBXFileReference; lastKnownFileType = sourcecode.c.h; path = AppDelegate.h; sourceTree = "<group>"; };
		93D4C6DE1AAE303C00D68D5F /* AppDelegate.m */ = {isa = PBXFileReference; lastKnownFileType = sourcecode.c.objc; path = AppDelegate.m; sourceTree = "<group>"; };
		93D4C6E01AAE303C00D68D5F /* FirstViewController.h */ = {isa = PBXFileReference; lastKnownFileType = sourcecode.c.h; path = FirstViewController.h; sourceTree = "<group>"; };
		93D4C6E11AAE303C00D68D5F /* FirstViewController.m */ = {isa = PBXFileReference; lastKnownFileType = sourcecode.c.objc; path = FirstViewController.m; sourceTree = "<group>"; };
		93D4C6E31AAE303C00D68D5F /* SecondViewController.h */ = {isa = PBXFileReference; lastKnownFileType = sourcecode.c.h; path = SecondViewController.h; sourceTree = "<group>"; };
		93D4C6E41AAE303C00D68D5F /* SecondViewController.m */ = {isa = PBXFileReference; lastKnownFileType = sourcecode.c.objc; path = SecondViewController.m; sourceTree = "<group>"; };
		93D4C6E71AAE303C00D68D5F /* Base */ = {isa = PBXFileReference; lastKnownFileType = file.storyboard; name = Base; path = Base.lproj/Main.storyboard; sourceTree = "<group>"; };
		93D4C6E91AAE303C00D68D5F /* Images.xcassets */ = {isa = PBXFileReference; lastKnownFileType = folder.assetcatalog; path = Images.xcassets; sourceTree = "<group>"; };
		93D4C6EC1AAE303C00D68D5F /* Base */ = {isa = PBXFileReference; lastKnownFileType = file.xib; name = Base; path = Base.lproj/LaunchScreen.xib; sourceTree = "<group>"; };
		93D4C6F21AAE303C00D68D5F /* Lab4Tests.xctest */ = {isa = PBXFileReference; explicitFileType = wrapper.cfbundle; includeInIndex = 0; path = Lab4Tests.xctest; sourceTree = BUILT_PRODUCTS_DIR; };
		93D4C6F71AAE303C00D68D5F /* Info.plist */ = {isa = PBXFileReference; lastKnownFileType = text.plist.xml; path = Info.plist; sourceTree = "<group>"; };
		93D4C6F81AAE303C00D68D5F /* Lab4Tests.m */ = {isa = PBXFileReference; lastKnownFileType = sourcecode.c.objc; path = Lab4Tests.m; sourceTree = "<group>"; };
/* End PBXFileReference section */

/* Begin PBXFrameworksBuildPhase section */
		93D4C6D31AAE303C00D68D5F /* Frameworks */ = {
			isa = PBXFrameworksBuildPhase;
			buildActionMask = 2147483647;
			files = (
			);
			runOnlyForDeploymentPostprocessing = 0;
		};
		93D4C6EF1AAE303C00D68D5F /* Frameworks */ = {
			isa = PBXFrameworksBuildPhase;
			buildActionMask = 2147483647;
			files = (
			);
			runOnlyForDeploymentPostprocessing = 0;
		};
/* End PBXFrameworksBuildPhase section */

/* Begin PBXGroup section */
		93D4C6CD1AAE303C00D68D5F = {
			isa = PBXGroup;
			children = (
				93D4C6D81AAE303C00D68D5F /* Lab4 */,
				93D4C6F51AAE303C00D68D5F /* Lab4Tests */,
				93D4C6D71AAE303C00D68D5F /* Products */,
			);
			sourceTree = "<group>";
		};
		93D4C6D71AAE303C00D68D5F /* Products */ = {
			isa = PBXGroup;
			children = (
				93D4C6D61AAE303C00D68D5F /* Lab4.app */,
				93D4C6F21AAE303C00D68D5F /* Lab4Tests.xctest */,
			);
			name = Products;
			sourceTree = "<group>";
		};
		93D4C6D81AAE303C00D68D5F /* Lab4 */ = {
			isa = PBXGroup;
			children = (
				93D4C6DD1AAE303C00D68D5F /* AppDelegate.h */,
				93D4C6DE1AAE303C00D68D5F /* AppDelegate.m */,
				93D4C6E01AAE303C00D68D5F /* FirstViewController.h */,
				93D4C6E11AAE303C00D68D5F /* FirstViewController.m */,
				93D4C6E31AAE303C00D68D5F /* SecondViewController.h */,
				93D4C6E41AAE303C00D68D5F /* SecondViewController.m */,
				93D4C6E61AAE303C00D68D5F /* Main.storyboard */,
				93D4C6E91AAE303C00D68D5F /* Images.xcassets */,
				93D4C6EB1AAE303C00D68D5F /* LaunchScreen.xib */,
				93D4C6D91AAE303C00D68D5F /* Supporting Files */,
			);
			path = Lab4;
			sourceTree = "<group>";
		};
		93D4C6D91AAE303C00D68D5F /* Supporting Files */ = {
			isa = PBXGroup;
			children = (
				93D4C6DA1AAE303C00D68D5F /* Info.plist */,
				93D4C6DB1AAE303C00D68D5F /* main.m */,
			);
			name = "Supporting Files";
			sourceTree = "<group>";
		};
		93D4C6F51AAE303C00D68D5F /* Lab4Tests */ = {
			isa = PBXGroup;
			children = (
				93D4C6F81AAE303C00D68D5F /* Lab4Tests.m */,
				93D4C6F61AAE303C00D68D5F /* Supporting Files */,
			);
			path = Lab4Tests;
			sourceTree = "<group>";
		};
		93D4C6F61AAE303C00D68D5F /* Supporting Files */ = {
			isa = PBXGroup;
			children = (
				93D4C6F71AAE303C00D68D5F /* Info.plist */,
			);
			name = "Supporting Files";
			sourceTree = "<group>";
		};
/* End PBXGroup section */

/* Begin PBXNativeTarget section */
		93D4C6D51AAE303C00D68D5F /* Lab4 */ = {
			isa = PBXNativeTarget;
			buildConfigurationList = 93D4C6FC1AAE303C00D68D5F /* Build configuration list for PBXNativeTarget "Lab4" */;
			buildPhases = (
				93D4C6D21AAE303C00D68D5F /* Sources */,
				93D4C6D31AAE303C00D68D5F /* Frameworks */,
				93D4C6D41AAE303C00D68D5F /* Resources */,
			);
			buildRules = (
			);
			dependencies = (
			);
			name = Lab4;
			productName = Lab4;
			productReference = 93D4C6D61AAE303C00D68D5F /* Lab4.app */;
			productType = "com.apple.product-type.application";
		};
		93D4C6F11AAE303C00D68D5F /* Lab4Tests */ = {
			isa = PBXNativeTarget;
			buildConfigurationList = 93D4C6FF1AAE303C00D68D5F /* Build configuration list for PBXNativeTarget "Lab4Tests" */;
			buildPhases = (
				93D4C6EE1AAE303C00D68D5F /* Sources */,
				93D4C6EF1AAE303C00D68D5F /* Frameworks */,
				93D4C6F01AAE303C00D68D5F /* Resources */,
			);
			buildRules = (
			);
			dependencies = (
				93D4C6F41AAE303C00D68D5F /* PBXTargetDependency */,
			);
			name = Lab4Tests;
			productName = Lab4Tests;
			productReference = 93D4C6F21AAE303C00D68D5F /* Lab4Tests.xctest */;
			productType = "com.apple.product-type.bundle.unit-test";
		};
/* End PBXNativeTarget section */

/* Begin PBXProject section */
		93D4C6CE1AAE303C00D68D5F /* Project object */ = {
			isa = PBXProject;
			attributes = {
				LastUpgradeCheck = 0610;
				ORGANIZATIONNAME = "Davi Chaves";
				TargetAttributes = {
					93D4C6D51AAE303C00D68D5F = {
						CreatedOnToolsVersion = 6.1.1;
					};
					93D4C6F11AAE303C00D68D5F = {
						CreatedOnToolsVersion = 6.1.1;
						TestTargetID = 93D4C6D51AAE303C00D68D5F;
					};
				};
			};
			buildConfigurationList = 93D4C6D11AAE303C00D68D5F /* Build configuration list for PBXProject "Lab4" */;
			compatibilityVersion = "Xcode 3.2";
			developmentRegion = English;
			hasScannedForEncodings = 0;
			knownRegions = (
				en,
				Base,
			);
			mainGroup = 93D4C6CD1AAE303C00D68D5F;
			productRefGroup = 93D4C6D71AAE303C00D68D5F /* Products */;
			projectDirPath = "";
			projectRoot = "";
			targets = (
				93D4C6D51AAE303C00D68D5F /* Lab4 */,
				93D4C6F11AAE303C00D68D5F /* Lab4Tests */,
			);
		};
/* End PBXProject section */

/* Begin PBXResourcesBuildPhase section */
		93D4C6D41AAE303C00D68D5F /* Resources */ = {
			isa = PBXResourcesBuildPhase;
			buildActionMask = 2147483647;
			files = (
				93D4C6E81AAE303C00D68D5F /* Main.storyboard in Resources */,
				93D4C6ED1AAE303C00D68D5F /* LaunchScreen.xib in Resources */,
				93D4C6EA1AAE303C00D68D5F /* Images.xcassets in Resources */,
			);
			runOnlyForDeploymentPostprocessing = 0;
		};
		93D4C6F01AAE303C00D68D5F /* Resources */ = {
			isa = PBXResourcesBuildPhase;
			buildActionMask = 2147483647;
			files = (
			);
			runOnlyForDeploymentPostprocessing = 0;
		};
/* End PBXResourcesBuildPhase section */

/* Begin PBXSourcesBuildPhase section */
		93D4C6D21AAE303C00D68D5F /* Sources */ = {
			isa = PBXSourcesBuildPhase;
			buildActionMask = 2147483647;
			files = (
				93D4C6E51AAE303C00D68D5F /* SecondViewController.m in Sources */,
				93D4C6DF1AAE303C00D68D5F /* AppDelegate.m in Sources */,
				93D4C6E21AAE303C00D68D5F /* FirstViewController.m in Sources */,
				93D4C6DC1AAE303C00D68D5F /* main.m in Sources */,
			);
			runOnlyForDeploymentPostprocessing = 0;
		};
		93D4C6EE1AAE303C00D68D5F /* Sources */ = {
			isa = PBXSourcesBuildPhase;
			buildActionMask = 2147483647;
			files = (
				93D4C6F91AAE303C00D68D5F /* Lab4Tests.m in Sources */,
			);
			runOnlyForDeploymentPostprocessing = 0;
		};
/* End PBXSourcesBuildPhase section */

/* Begin PBXTargetDependency section */
		93D4C6F41AAE303C00D68D5F /* PBXTargetDependency */ = {
			isa = PBXTargetDependency;
			target = 93D4C6D51AAE303C00D68D5F /* Lab4 */;
			targetProxy = 93D4C6F31AAE303C00D68D5F /* PBXContainerItemProxy */;
		};
/* End PBXTargetDependency section */

/* Begin PBXVariantGroup section */
		93D4C6E61AAE303C00D68D5F /* Main.storyboard */ = {
			isa = PBXVariantGroup;
			children = (
				93D4C6E71AAE303C00D68D5F /* Base */,
			);
			name = Main.storyboard;
			sourceTree = "<group>";
		};
		93D4C6EB1AAE303C00D68D5F /* LaunchScreen.xib */ = {
			isa = PBXVariantGroup;
			children = (
				93D4C6EC1AAE303C00D68D5F /* Base */,
			);
			name = LaunchScreen.xib;
			sourceTree = "<group>";
		};
/* End PBXVariantGroup section */

/* Begin XCBuildConfiguration section */
		93D4C6FA1AAE303C00D68D5F /* Debug */ = {
			isa = XCBuildConfiguration;
			buildSettings = {
				ALWAYS_SEARCH_USER_PATHS = NO;
				CLANG_CXX_LANGUAGE_STANDARD = "gnu++0x";
				CLANG_CXX_LIBRARY = "libc++";
				CLANG_ENABLE_MODULES = YES;
				CLANG_ENABLE_OBJC_ARC = YES;
				CLANG_WARN_BOOL_CONVERSION = YES;
				CLANG_WARN_CONSTANT_CONVERSION = YES;
				CLANG_WARN_DIRECT_OBJC_ISA_USAGE = YES_ERROR;
				CLANG_WARN_EMPTY_BODY = YES;
				CLANG_WARN_ENUM_CONVERSION = YES;
				CLANG_WARN_INT_CONVERSION = YES;
				CLANG_WARN_OBJC_ROOT_CLASS = YES_ERROR;
				CLANG_WARN_UNREACHABLE_CODE = YES;
				CLANG_WARN__DUPLICATE_METHOD_MATCH = YES;
				"CODE_SIGN_IDENTITY[sdk=iphoneos*]" = "iPhone Developer";
				COPY_PHASE_STRIP = NO;
				ENABLE_STRICT_OBJC_MSGSEND = YES;
				GCC_C_LANGUAGE_STANDARD = gnu99;
				GCC_DYNAMIC_NO_PIC = NO;
				GCC_OPTIMIZATION_LEVEL = 0;
				GCC_PREPROCESSOR_DEFINITIONS = (
					"DEBUG=1",
					"$(inherited)",
				);
				GCC_SYMBOLS_PRIVATE_EXTERN = NO;
				GCC_WARN_64_TO_32_BIT_CONVERSION = YES;
				GCC_WARN_ABOUT_RETURN_TYPE = YES_ERROR;
				GCC_WARN_UNDECLARED_SELECTOR = YES;
				GCC_WARN_UNINITIALIZED_AUTOS = YES_AGGRESSIVE;
				GCC_WARN_UNUSED_FUNCTION = YES;
				GCC_WARN_UNUSED_VARIABLE = YES;
				IPHONEOS_DEPLOYMENT_TARGET = 8.1;
				MTL_ENABLE_DEBUG_INFO = YES;
				ONLY_ACTIVE_ARCH = YES;
				SDKROOT = iphoneos;
			};
			name = Debug;
		};
		93D4C6FB1AAE303C00D68D5F /* Release */ = {
			isa = XCBuildConfiguration;
			buildSettings = {
				ALWAYS_SEARCH_USER_PATHS = NO;
				CLANG_CXX_LANGUAGE_STANDARD = "gnu++0x";
				CLANG_CXX_LIBRARY = "libc++";
				CLANG_ENABLE_MODULES = YES;
				CLANG_ENABLE_OBJC_ARC = YES;
				CLANG_WARN_BOOL_CONVERSION = YES;
				CLANG_WARN_CONSTANT_CONVERSION = YES;
				CLANG_WARN_DIRECT_OBJC_ISA_USAGE = YES_ERROR;
				CLANG_WARN_EMPTY_BODY = YES;
				CLANG_WARN_ENUM_CONVERSION = YES;
				CLANG_WARN_INT_CONVERSION = YES;
				CLANG_WARN_OBJC_ROOT_CLASS = YES_ERROR;
				CLANG_WARN_UNREACHABLE_CODE = YES;
				CLANG_WARN__DUPLICATE_METHOD_MATCH = YES;
				"CODE_SIGN_IDENTITY[sdk=iphoneos*]" = "iPhone Developer";
				COPY_PHASE_STRIP = YES;
				ENABLE_NS_ASSERTIONS = NO;
				ENABLE_STRICT_OBJC_MSGSEND = YES;
				GCC_C_LANGUAGE_STANDARD = gnu99;
				GCC_WARN_64_TO_32_BIT_CONVERSION = YES;
				GCC_WARN_ABOUT_RETURN_TYPE = YES_ERROR;
				GCC_WARN_UNDECLARED_SELECTOR = YES;
				GCC_WARN_UNINITIALIZED_AUTOS = YES_AGGRESSIVE;
				GCC_WARN_UNUSED_FUNCTION = YES;
				GCC_WARN_UNUSED_VARIABLE = YES;
				IPHONEOS_DEPLOYMENT_TARGET = 8.1;
				MTL_ENABLE_DEBUG_INFO = NO;
				SDKROOT = iphoneos;
				VALIDATE_PRODUCT = YES;
			};
			name = Release;
		};
		93D4C6FD1AAE303C00D68D5F /* Debug */ = {
			isa = XCBuildConfiguration;
			buildSettings = {
				ASSETCATALOG_COMPILER_APPICON_NAME = AppIcon;
				INFOPLIST_FILE = Lab4/Info.plist;
				LD_RUNPATH_SEARCH_PATHS = "$(inherited) @executable_path/Frameworks";
				PRODUCT_NAME = "$(TARGET_NAME)";
			};
			name = Debug;
		};
		93D4C6FE1AAE303C00D68D5F /* Release */ = {
			isa = XCBuildConfiguration;
			buildSettings = {
				ASSETCATALOG_COMPILER_APPICON_NAME = AppIcon;
				INFOPLIST_FILE = Lab4/Info.plist;
				LD_RUNPATH_SEARCH_PATHS = "$(inherited) @executable_path/Frameworks";
				PRODUCT_NAME = "$(TARGET_NAME)";
			};
			name = Release;
		};
		93D4C7001AAE303C00D68D5F /* Debug */ = {
			isa = XCBuildConfiguration;
			buildSettings = {
				BUNDLE_LOADER = "$(TEST_HOST)";
				FRAMEWORK_SEARCH_PATHS = (
					"$(SDKROOT)/Developer/Library/Frameworks",
					"$(inherited)",
				);
				GCC_PREPROCESSOR_DEFINITIONS = (
					"DEBUG=1",
					"$(inherited)",
				);
				INFOPLIST_FILE = Lab4Tests/Info.plist;
				LD_RUNPATH_SEARCH_PATHS = "$(inherited) @executable_path/Frameworks @loader_path/Frameworks";
				PRODUCT_NAME = "$(TARGET_NAME)";
				TEST_HOST = "$(BUILT_PRODUCTS_DIR)/Lab4.app/Lab4";
			};
			name = Debug;
		};
		93D4C7011AAE303C00D68D5F /* Release */ = {
			isa = XCBuildConfiguration;
			buildSettings = {
				BUNDLE_LOADER = "$(TEST_HOST)";
				FRAMEWORK_SEARCH_PATHS = (
					"$(SDKROOT)/Developer/Library/Frameworks",
					"$(inherited)",
				);
				INFOPLIST_FILE = Lab4Tests/Info.plist;
				LD_RUNPATH_SEARCH_PATHS = "$(inherited) @executable_path/Frameworks @loader_path/Frameworks";
				PRODUCT_NAME = "$(TARGET_NAME)";
				TEST_HOST = "$(BUILT_PRODUCTS_DIR)/Lab4.app/Lab4";
			};
			name = Release;
		};
/* End XCBuildConfiguration section */

/* Begin XCConfigurationList section */
		93D4C6D11AAE303C00D68D5F /* Build configuration list for PBXProject "Lab4" */ = {
			isa = XCConfigurationList;
			buildConfigurations = (
				93D4C6FA1AAE303C00D68D5F /* Debug */,
				93D4C6FB1AAE303C00D68D5F /* Release */,
			);
			defaultConfigurationIsVisible = 0;
			defaultConfigurationName = Release;
		};
		93D4C6FC1AAE303C00D68D5F /* Build configuration list for PBXNativeTarget "Lab4" */ = {
			isa = XCConfigurationList;
			buildConfigurations = (
				93D4C6FD1AAE303C00D68D5F /* Debug */,
				93D4C6FE1AAE303C00D68D5F /* Release */,
			);
			defaultConfigurationIsVisible = 0;
		};
		93D4C6FF1AAE303C00D68D5F /* Build configuration list for PBXNativeTarget "Lab4Tests" */ = {
			isa = XCConfigurationList;
			buildConfigurations = (
				93D4C7001AAE303C00D68D5F /* Debug */,
				93D4C7011AAE303C00D68D5F /* Release */,
			);
			defaultConfigurationIsVisible = 0;
		};
/* End XCConfigurationList section */
	};
	rootObject = 93D4C6CE1AAE303C00D68D5F /* Project object */;
}
